
Microsoft Visual Studio Solution File, Format Version 12.00
# Visual Studio 15
VisualStudioVersion = 15.0.28010.2041
MinimumVisualStudioVersion = 10.0.40219.1
Project("{9A19103F-16F7-4668-BE54-9A1E7A4F7556}") = "mv-api", "mv-api\mv-api.csproj", "{78880982-F058-49EC-BF51-E53AECFFD2E3}"
EndProject
Project("{9A19103F-16F7-4668-BE54-9A1E7A4F7556}") = "mv-api-Tester", "mv-api-Tester\mv-api-Tester.csproj", "{3DA30C22-BEF0-4CC0-B019-AF92B76896C9}"
EndProject
Global
	GlobalSection(SolutionConfigurationPlatforms) = preSolution
		Debug|Any CPU = Debug|Any CPU
		Release|Any CPU = Release|Any CPU
	EndGlobalSection
	GlobalSection(ProjectConfigurationPlatforms) = postSolution
		{78880982-F058-49EC-BF51-E53AECFFD2E3}.Debug|Any CPU.ActiveCfg = Debug|Any CPU
		{78880982-F058-49EC-BF51-E53AECFFD2E3}.Debug|Any CPU.Build.0 = Debug|Any CPU
		{78880982-F058-49EC-BF51-E53AECFFD2E3}.Release|Any CPU.ActiveCfg = Release|Any CPU
		{78880982-F058-49EC-BF51-E53AECFFD2E3}.Release|Any CPU.Build.0 = Release|Any CPU
		{3DA30C22-BEF0-4CC0-B019-AF92B76896C9}.Debug|Any CPU.ActiveCfg = Debug|Any CPU
		{3DA30C22-BEF0-4CC0-B019-AF92B76896C9}.Debug|Any CPU.Build.0 = Debug|Any CPU
		{3DA30C22-BEF0-4CC0-B019-AF92B76896C9}.Release|Any CPU.ActiveCfg = Release|Any CPU
		{3DA30C22-BEF0-4CC0-B019-AF92B76896C9}.Release|Any CPU.Build.0 = Release|Any CPU
	EndGlobalSection
	GlobalSection(SolutionProperties) = preSolution
		HideSolutionNode = FALSE
	EndGlobalSection
	GlobalSection(ExtensibilityGlobals) = postSolution
		SolutionGuid = {79A58772-8B8B-4CD1-96E2-E889011E3E69}
	EndGlobalSection
EndGlobal
